{
  "name": "bittorrentClient",
  "version": "1.0.0",
  "lockfileVersion": 1,
  "requires": true,
  "dependencies": {
    "bencode": {
      "version": "2.0.2",
      "resolved": "https://registry.npmmirror.com/bencode/download/bencode-2.0.2.tgz",
      "integrity": "sha1-55MF7T46uJhDy+3JV0/MwGf9O/4="
    },
    "bignum": {
      "version": "0.13.1",
      "resolved": "https://registry.nlark.com/bignum/download/bignum-0.13.1.tgz",
      "integrity": "sha1-mLiSl/ND9Qugp9ahSOA3zTfbdR0=",
      "requires": {
        "bindings": "^1.5.0",
        "nan": "^2.14.0",
        "safe-buffer": "^5.2.0"
      }
    },
    "bindings": {
      "version": "1.5.0",
      "resolved": "https://registry.nlark.com/bindings/download/bindings-1.5.0.tgz",
      "integrity": "sha1-EDU8npRTNLwFEabZCzj7x8nFBN8=",
      "requires": {
        "file-uri-to-path": "1.0.0"
      }
    },
    "file-uri-to-path": {
      "version": "1.0.0",
      "resolved": "https://registry.nlark.com/file-uri-to-path/download/file-uri-to-path-1.0.0.tgz",
      "integrity": "sha1-VTp7hEb/b2hDWcRF8eN6BdrMM90="
    },
    "nan": {
      "version": "2.15.0",
      "resolved": "https://registry.nlark.com/nan/download/nan-2.15.0.tgz",
      "integrity": "sha1-PzSkc/8Y4VwbVia2KQO1rW5mX+4="
    },
    "safe-buffer": {
      "version": "5.2.1",
      "resolved": "https://registry.nlark.com/safe-buffer/download/safe-buffer-5.2.1.tgz",
      "integrity": "sha1-Hq+fqb2x/dTsdfWPnNtOa3gn7sY="
    }
  }
}
